
Microsoft Visual Studio Solution File, Format Version 12.00
# Visual Studio Version 16
VisualStudioVersion = 16.0.30204.135
MinimumVisualStudioVersion = 10.0.40219.1
Project("{FAE04EC0-301F-11D3-BF4B-00C04F79EFBC}") = "ENSEK Web API", "ENSEK Web API\ENSEK Web API.csproj", "{868C3FF2-84DA-4247-9831-A45EAE182A96}"
EndProject
Global
	GlobalSection(SolutionConfigurationPlatforms) = preSolution
		Debug|Any CPU = Debug|Any CPU
		Release|Any CPU = Release|Any CPU
	EndGlobalSection
	GlobalSection(ProjectConfigurationPlatforms) = postSolution
		{868C3FF2-84DA-4247-9831-A45EAE182A96}.Debug|Any CPU.ActiveCfg = Debug|Any CPU
		{868C3FF2-84DA-4247-9831-A45EAE182A96}.Debug|Any CPU.Build.0 = Debug|Any CPU
		{868C3FF2-84DA-4247-9831-A45EAE182A96}.Release|Any CPU.ActiveCfg = Release|Any CPU
		{868C3FF2-84DA-4247-9831-A45EAE182A96}.Release|Any CPU.Build.0 = Release|Any CPU
	EndGlobalSection
	GlobalSection(SolutionProperties) = preSolution
		HideSolutionNode = FALSE
	EndGlobalSection
	GlobalSection(ExtensibilityGlobals) = postSolution
		SolutionGuid = {EB32082A-4E75-4C9A-9B98-4C52BCEB40DD}
	EndGlobalSection
EndGlobal
